// !$*UTF8*$!
{
	archiveVersion = 1;
	classes = {
	};
	objectVersion = 56;
	objects = {

/* Begin PBXBuildFile section */
		1E52C8522AB3E80C00459CFB /* AppDelegate.m in Sources */ = {isa = PBXBuildFile; fileRef = 1E52C8512AB3E80C00459CFB /* AppDelegate.m */; };
		1E52C8582AB3E80C00459CFB /* ViewController.m in Sources */ = {isa = PBXBuildFile; fileRef = 1E52C8572AB3E80C00459CFB /* ViewController.m */; };
		1E52C85B2AB3E80C00459CFB /* Main.storyboard in Resources */ = {isa = PBXBuildFile; fileRef = 1E52C8592AB3E80C00459CFB /* Main.storyboard */; };
		1E52C85D2AB3E80E00459CFB /* Assets.xcassets in Resources */ = {isa = PBXBuildFile; fileRef = 1E52C85C2AB3E80E00459CFB /* Assets.xcassets */; };
		1E52C8602AB3E80E00459CFB /* LaunchScreen.storyboard in Resources */ = {isa = PBXBuildFile; fileRef = 1E52C85E2AB3E80E00459CFB /* LaunchScreen.storyboard */; };
		1E52C8632AB3E80E00459CFB /* main.m in Sources */ = {isa = PBXBuildFile; fileRef = 1E52C8622AB3E80E00459CFB /* main.m */; };
		1E52C86B2AB3F42300459CFB /* VideoViewController.m in Sources */ = {isa = PBXBuildFile; fileRef = 1E52C86A2AB3F42300459CFB /* VideoViewController.m */; };
		1E52C86E2AB3F4BB00459CFB /* VideoListViewController.m in Sources */ = {isa = PBXBuildFile; fileRef = 1E52C86D2AB3F4BB00459CFB /* VideoListViewController.m */; };
		1E52C8712AB447E000459CFB /* ZFDouYinViewController.m in Sources */ = {isa = PBXBuildFile; fileRef = 1E52C8702AB447E000459CFB /* ZFDouYinViewController.m */; };
		1E52C8762AB448B700459CFB /* ZFTableData.m in Sources */ = {isa = PBXBuildFile; fileRef = 1E52C8732AB448B700459CFB /* ZFTableData.m */; };
		1E52C8772AB448B700459CFB /* data.json in Resources */ = {isa = PBXBuildFile; fileRef = 1E52C8742AB448B700459CFB /* data.json */; };
		1E52C87C2AB4491700459CFB /* ZFDouYinCell.m in Sources */ = {isa = PBXBuildFile; fileRef = 1E52C87A2AB4491700459CFB /* ZFDouYinCell.m */; };
		1E52C8832AB4496F00459CFB /* ZFTableViewCellLayout.m in Sources */ = {isa = PBXBuildFile; fileRef = 1E52C87E2AB4496F00459CFB /* ZFTableViewCellLayout.m */; };
		1E52C8842AB4496F00459CFB /* NSString+Size.m in Sources */ = {isa = PBXBuildFile; fileRef = 1E52C8822AB4496F00459CFB /* NSString+Size.m */; };
		1E52C8872AB449B200459CFB /* ZFDouYinControlView.m in Sources */ = {isa = PBXBuildFile; fileRef = 1E52C8862AB449B200459CFB /* ZFDouYinControlView.m */; };
		1E52C88B2AB44A3300459CFB /* ZFCustomControlView.m in Sources */ = {isa = PBXBuildFile; fileRef = 1E52C88A2AB44A3300459CFB /* ZFCustomControlView.m */; };
		5CCB08FD2C8BD8A379E89FCA /* Pods_VideoPlayDemo.framework in Frameworks */ = {isa = PBXBuildFile; fileRef = 56C5F229DE46FF1997385E2C /* Pods_VideoPlayDemo.framework */; };
/* End PBXBuildFile section */

/* Begin PBXFileReference section */
		1E52C84D2AB3E80C00459CFB /* VideoPlayDemo.app */ = {isa = PBXFileReference; explicitFileType = wrapper.application; includeInIndex = 0; path = VideoPlayDemo.app; sourceTree = BUILT_PRODUCTS_DIR; };
		1E52C8502AB3E80C00459CFB /* AppDelegate.h */ = {isa = PBXFileReference; lastKnownFileType = sourcecode.c.h; path = AppDelegate.h; sourceTree = "<group>"; };
		1E52C8512AB3E80C00459CFB /* AppDelegate.m */ = {isa = PBXFileReference; lastKnownFileType = sourcecode.c.objc; path = AppDelegate.m; sourceTree = "<group>"; };
		1E52C8562AB3E80C00459CFB /* ViewController.h */ = {isa = PBXFileReference; lastKnownFileType = sourcecode.c.h; path = ViewController.h; sourceTree = "<group>"; };
		1E52C8572AB3E80C00459CFB /* ViewController.m */ = {isa = PBXFileReference; lastKnownFileType = sourcecode.c.objc; path = ViewController.m; sourceTree = "<group>"; };
		1E52C85A2AB3E80C00459CFB /* Base */ = {isa = PBXFileReference; lastKnownFileType = file.storyboard; name = Base; path = Base.lproj/Main.storyboard; sourceTree = "<group>"; };
		1E52C85C2AB3E80E00459CFB /* Assets.xcassets */ = {isa = PBXFileReference; lastKnownFileType = folder.assetcatalog; path = Assets.xcassets; sourceTree = "<group>"; };
		1E52C85F2AB3E80E00459CFB /* Base */ = {isa = PBXFileReference; lastKnownFileType = file.storyboard; name = Base; path = Base.lproj/LaunchScreen.storyboard; sourceTree = "<group>"; };
		1E52C8612AB3E80E00459CFB /* Info.plist */ = {isa = PBXFileReference; lastKnownFileType = text.plist.xml; path = Info.plist; sourceTree = "<group>"; };
		1E52C8622AB3E80E00459CFB /* main.m */ = {isa = PBXFileReference; lastKnownFileType = sourcecode.c.objc; path = main.m; sourceTree = "<group>"; };
		1E52C8692AB3F42300459CFB /* VideoViewController.h */ = {isa = PBXFileReference; lastKnownFileType = sourcecode.c.h; path = VideoViewController.h; sourceTree = "<group>"; };
		1E52C86A2AB3F42300459CFB /* VideoViewController.m */ = {isa = PBXFileReference; lastKnownFileType = sourcecode.c.objc; path = VideoViewController.m; sourceTree = "<group>"; };
		1E52C86C2AB3F4BB00459CFB /* VideoListViewController.h */ = {isa = PBXFileReference; lastKnownFileType = sourcecode.c.h; path = VideoListViewController.h; sourceTree = "<group>"; };
		1E52C86D2AB3F4BB00459CFB /* VideoListViewController.m */ = {isa = PBXFileReference; lastKnownFileType = sourcecode.c.objc; path = VideoListViewController.m; sourceTree = "<group>"; };
		1E52C86F2AB447E000459CFB /* ZFDouYinViewController.h */ = {isa = PBXFileReference; fileEncoding = 4; lastKnownFileType = sourcecode.c.h; path = ZFDouYinViewController.h; sourceTree = "<group>"; };
		1E52C8702AB447E000459CFB /* ZFDouYinViewController.m */ = {isa = PBXFileReference; fileEncoding = 4; lastKnownFileType = sourcecode.c.objc; path = ZFDouYinViewController.m; sourceTree = "<group>"; };
		1E52C8732AB448B700459CFB /* ZFTableData.m */ = {isa = PBXFileReference; fileEncoding = 4; lastKnownFileType = sourcecode.c.objc; path = ZFTableData.m; sourceTree = "<group>"; };
		1E52C8742AB448B700459CFB /* data.json */ = {isa = PBXFileReference; fileEncoding = 4; lastKnownFileType = text.json; path = data.json; sourceTree = "<group>"; };
		1E52C8752AB448B700459CFB /* ZFTableData.h */ = {isa = PBXFileReference; fileEncoding = 4; lastKnownFileType = sourcecode.c.h; path = ZFTableData.h; sourceTree = "<group>"; };
		1E52C87A2AB4491700459CFB /* ZFDouYinCell.m */ = {isa = PBXFileReference; fileEncoding = 4; lastKnownFileType = sourcecode.c.objc; path = ZFDouYinCell.m; sourceTree = "<group>"; };
		1E52C87B2AB4491700459CFB /* ZFDouYinCell.h */ = {isa = PBXFileReference; fileEncoding = 4; lastKnownFileType = sourcecode.c.h; path = ZFDouYinCell.h; sourceTree = "<group>"; };
		1E52C87E2AB4496F00459CFB /* ZFTableViewCellLayout.m */ = {isa = PBXFileReference; fileEncoding = 4; lastKnownFileType = sourcecode.c.objc; path = ZFTableViewCellLayout.m; sourceTree = "<group>"; };
		1E52C87F2AB4496F00459CFB /* ZFDouYinCellDelegate.h */ = {isa = PBXFileReference; fileEncoding = 4; lastKnownFileType = sourcecode.c.h; path = ZFDouYinCellDelegate.h; sourceTree = "<group>"; };
		1E52C8802AB4496F00459CFB /* NSString+Size.h */ = {isa = PBXFileReference; fileEncoding = 4; lastKnownFileType = sourcecode.c.h; path = "NSString+Size.h"; sourceTree = "<group>"; };
		1E52C8812AB4496F00459CFB /* ZFTableViewCellLayout.h */ = {isa = PBXFileReference; fileEncoding = 4; lastKnownFileType = sourcecode.c.h; path = ZFTableViewCellLayout.h; sourceTree = "<group>"; };
		1E52C8822AB4496F00459CFB /* NSString+Size.m */ = {isa = PBXFileReference; fileEncoding = 4; lastKnownFileType = sourcecode.c.objc; path = "NSString+Size.m"; sourceTree = "<group>"; };
		1E52C8852AB449B200459CFB /* ZFDouYinControlView.h */ = {isa = PBXFileReference; fileEncoding = 4; lastKnownFileType = sourcecode.c.h; path = ZFDouYinControlView.h; sourceTree = "<group>"; };
		1E52C8862AB449B200459CFB /* ZFDouYinControlView.m */ = {isa = PBXFileReference; fileEncoding = 4; lastKnownFileType = sourcecode.c.objc; path = ZFDouYinControlView.m; sourceTree = "<group>"; };
		1E52C8892AB44A3300459CFB /* ZFCustomControlView.h */ = {isa = PBXFileReference; fileEncoding = 4; lastKnownFileType = sourcecode.c.h; path = ZFCustomControlView.h; sourceTree = "<group>"; };
		1E52C88A2AB44A3300459CFB /* ZFCustomControlView.m */ = {isa = PBXFileReference; fileEncoding = 4; lastKnownFileType = sourcecode.c.objc; path = ZFCustomControlView.m; sourceTree = "<group>"; };
		1E52C88C2AB44A6C00459CFB /* PrefixHeader.pch */ = {isa = PBXFileReference; lastKnownFileType = sourcecode.c.h; path = PrefixHeader.pch; sourceTree = "<group>"; };
		3F47F17FFBDC36C909F6B267 /* Pods-VideoPlayDemo.debug.xcconfig */ = {isa = PBXFileReference; includeInIndex = 1; lastKnownFileType = text.xcconfig; name = "Pods-VideoPlayDemo.debug.xcconfig"; path = "Target Support Files/Pods-VideoPlayDemo/Pods-VideoPlayDemo.debug.xcconfig"; sourceTree = "<group>"; };
		56C5F229DE46FF1997385E2C /* Pods_VideoPlayDemo.framework */ = {isa = PBXFileReference; explicitFileType = wrapper.framework; includeInIndex = 0; path = Pods_VideoPlayDemo.framework; sourceTree = BUILT_PRODUCTS_DIR; };
		64FD6591D92A650AD8CEF90A /* Pods-VideoPlayDemo.release.xcconfig */ = {isa = PBXFileReference; includeInIndex = 1; lastKnownFileType = text.xcconfig; name = "Pods-VideoPlayDemo.release.xcconfig"; path = "Target Support Files/Pods-VideoPlayDemo/Pods-VideoPlayDemo.release.xcconfig"; sourceTree = "<group>"; };
/* End PBXFileReference section */

/* Begin PBXFrameworksBuildPhase section */
		1E52C84A2AB3E80C00459CFB /* Frameworks */ = {
			isa = PBXFrameworksBuildPhase;
			buildActionMask = 2147483647;
			files = (
				5CCB08FD2C8BD8A379E89FCA /* Pods_VideoPlayDemo.framework in Frameworks */,
			);
			runOnlyForDeploymentPostprocessing = 0;
		};
/* End PBXFrameworksBuildPhase section */

/* Begin PBXGroup section */
		1E52C8442AB3E80C00459CFB = {
			isa = PBXGroup;
			children = (
				1E52C84F2AB3E80C00459CFB /* VideoPlayDemo */,
				1E52C84E2AB3E80C00459CFB /* Products */,
				D449F9CE0C841A7C0E3BDE93 /* Pods */,
				3AC53A81F1532C8EFC84853D /* Frameworks */,
			);
			sourceTree = "<group>";
		};
		1E52C84E2AB3E80C00459CFB /* Products */ = {
			isa = PBXGroup;
			children = (
				1E52C84D2AB3E80C00459CFB /* VideoPlayDemo.app */,
			);
			name = Products;
			sourceTree = "<group>";
		};
		1E52C84F2AB3E80C00459CFB /* VideoPlayDemo */ = {
			isa = PBXGroup;
			children = (
				1E52C8782AB448F300459CFB /* Douyin */,
				1E52C8502AB3E80C00459CFB /* AppDelegate.h */,
				1E52C8512AB3E80C00459CFB /* AppDelegate.m */,
				1E52C8562AB3E80C00459CFB /* ViewController.h */,
				1E52C8572AB3E80C00459CFB /* ViewController.m */,
				1E52C8692AB3F42300459CFB /* VideoViewController.h */,
				1E52C86A2AB3F42300459CFB /* VideoViewController.m */,
				1E52C86C2AB3F4BB00459CFB /* VideoListViewController.h */,
				1E52C86D2AB3F4BB00459CFB /* VideoListViewController.m */,
				1E52C8592AB3E80C00459CFB /* Main.storyboard */,
				1E52C85C2AB3E80E00459CFB /* Assets.xcassets */,
				1E52C85E2AB3E80E00459CFB /* LaunchScreen.storyboard */,
				1E52C8612AB3E80E00459CFB /* Info.plist */,
				1E52C8622AB3E80E00459CFB /* main.m */,
				1E52C88C2AB44A6C00459CFB /* PrefixHeader.pch */,
			);
			path = VideoPlayDemo;
			sourceTree = "<group>";
		};
		1E52C8722AB448B700459CFB /* Model */ = {
			isa = PBXGroup;
			children = (
				1E52C8752AB448B700459CFB /* ZFTableData.h */,
				1E52C8732AB448B700459CFB /* ZFTableData.m */,
				1E52C8742AB448B700459CFB /* data.json */,
			);
			path = Model;
			sourceTree = "<group>";
		};
		1E52C8782AB448F300459CFB /* Douyin */ = {
			isa = PBXGroup;
			children = (
				1E52C86F2AB447E000459CFB /* ZFDouYinViewController.h */,
				1E52C8702AB447E000459CFB /* ZFDouYinViewController.m */,
				1E52C8882AB44A1E00459CFB /* CustomView */,
				1E52C87D2AB4496F00459CFB /* Other */,
				1E52C8722AB448B700459CFB /* Model */,
				1E52C8792AB4490600459CFB /* Views */,
			);
			path = Douyin;
			sourceTree = "<group>";
		};
		1E52C8792AB4490600459CFB /* Views */ = {
			isa = PBXGroup;
			children = (
				1E52C8852AB449B200459CFB /* ZFDouYinControlView.h */,
				1E52C8862AB449B200459CFB /* ZFDouYinControlView.m */,
				1E52C87B2AB4491700459CFB /* ZFDouYinCell.h */,
				1E52C87A2AB4491700459CFB /* ZFDouYinCell.m */,
			);
			path = Views;
			sourceTree = "<group>";
		};
		1E52C87D2AB4496F00459CFB /* Other */ = {
			isa = PBXGroup;
			children = (
				1E52C87E2AB4496F00459CFB /* ZFTableViewCellLayout.m */,
				1E52C87F2AB4496F00459CFB /* ZFDouYinCellDelegate.h */,
				1E52C8802AB4496F00459CFB /* NSString+Size.h */,
				1E52C8812AB4496F00459CFB /* ZFTableViewCellLayout.h */,
				1E52C8822AB4496F00459CFB /* NSString+Size.m */,
			);
			path = Other;
			sourceTree = "<group>";
		};
		1E52C8882AB44A1E00459CFB /* CustomView */ = {
			isa = PBXGroup;
			children = (
				1E52C8892AB44A3300459CFB /* ZFCustomControlView.h */,
				1E52C88A2AB44A3300459CFB /* ZFCustomControlView.m */,
			);
			path = CustomView;
			sourceTree = "<group>";
		};
		3AC53A81F1532C8EFC84853D /* Frameworks */ = {
			isa = PBXGroup;
			children = (
				56C5F229DE46FF1997385E2C /* Pods_VideoPlayDemo.framework */,
			);
			name = Frameworks;
			sourceTree = "<group>";
		};
		D449F9CE0C841A7C0E3BDE93 /* Pods */ = {
			isa = PBXGroup;
			children = (
				3F47F17FFBDC36C909F6B267 /* Pods-VideoPlayDemo.debug.xcconfig */,
				64FD6591D92A650AD8CEF90A /* Pods-VideoPlayDemo.release.xcconfig */,
			);
			path = Pods;
			sourceTree = "<group>";
		};
/* End PBXGroup section */

/* Begin PBXNativeTarget section */
		1E52C84C2AB3E80C00459CFB /* VideoPlayDemo */ = {
			isa = PBXNativeTarget;
			buildConfigurationList = 1E52C8662AB3E80E00459CFB /* Build configuration list for PBXNativeTarget "VideoPlayDemo" */;
			buildPhases = (
				4E5BC1158EAC8E7EFDB6511D /* [CP] Check Pods Manifest.lock */,
				1E52C8492AB3E80C00459CFB /* Sources */,
				1E52C84A2AB3E80C00459CFB /* Frameworks */,
				1E52C84B2AB3E80C00459CFB /* Resources */,
				66271E22C9494641845ABDCB /* [CP] Embed Pods Frameworks */,
				BAD72EF02DC1B639DC327BEA /* [CP] Copy Pods Resources */,
			);
			buildRules = (
			);
			dependencies = (
			);
			name = VideoPlayDemo;
			productName = VideoPlayDemo;
			productReference = 1E52C84D2AB3E80C00459CFB /* VideoPlayDemo.app */;
			productType = "com.apple.product-type.application";
		};
/* End PBXNativeTarget section */

/* Begin PBXProject section */
		1E52C8452AB3E80C00459CFB /* Project object */ = {
			isa = PBXProject;
			attributes = {
				BuildIndependentTargetsInParallel = 1;
				LastUpgradeCheck = 1430;
				TargetAttributes = {
					1E52C84C2AB3E80C00459CFB = {
						CreatedOnToolsVersion = 14.3.1;
					};
				};
			};
			buildConfigurationList = 1E52C8482AB3E80C00459CFB /* Build configuration list for PBXProject "VideoPlayDemo" */;
			compatibilityVersion = "Xcode 14.0";
			developmentRegion = en;
			hasScannedForEncodings = 0;
			knownRegions = (
				en,
				Base,
			);
			mainGroup = 1E52C8442AB3E80C00459CFB;
			productRefGroup = 1E52C84E2AB3E80C00459CFB /* Products */;
			projectDirPath = "";
			projectRoot = "";
			targets = (
				1E52C84C2AB3E80C00459CFB /* VideoPlayDemo */,
			);
		};
/* End PBXProject section */

/* Begin PBXResourcesBuildPhase section */
		1E52C84B2AB3E80C00459CFB /* Resources */ = {
			isa = PBXResourcesBuildPhase;
			buildActionMask = 2147483647;
			files = (
				1E52C8602AB3E80E00459CFB /* LaunchScreen.storyboard in Resources */,
				1E52C85D2AB3E80E00459CFB /* Assets.xcassets in Resources */,
				1E52C85B2AB3E80C00459CFB /* Main.storyboard in Resources */,
				1E52C8772AB448B700459CFB /* data.json in Resources */,
			);
			runOnlyForDeploymentPostprocessing = 0;
		};
/* End PBXResourcesBuildPhase section */

/* Begin PBXShellScriptBuildPhase section */
		4E5BC1158EAC8E7EFDB6511D /* [CP] Check Pods Manifest.lock */ = {
			isa = PBXShellScriptBuildPhase;
			buildActionMask = 2147483647;
			files = (
			);
			inputFileListPaths = (
			);
			inputPaths = (
				"${PODS_PODFILE_DIR_PATH}/Podfile.lock",
				"${PODS_ROOT}/Manifest.lock",
			);
			name = "[CP] Check Pods Manifest.lock";
			outputFileListPaths = (
			);
			outputPaths = (
				"$(DERIVED_FILE_DIR)/Pods-VideoPlayDemo-checkManifestLockResult.txt",
			);
			runOnlyForDeploymentPostprocessing = 0;
			shellPath = /bin/sh;
			shellScript = "diff \"${PODS_PODFILE_DIR_PATH}/Podfile.lock\" \"${PODS_ROOT}/Manifest.lock\" > /dev/null\nif [ $? != 0 ] ; then\n    # print error to STDERR\n    echo \"error: The sandbox is not in sync with the Podfile.lock. Run 'pod install' or update your CocoaPods installation.\" >&2\n    exit 1\nfi\n# This output is used by Xcode 'outputs' to avoid re-running this script phase.\necho \"SUCCESS\" > \"${SCRIPT_OUTPUT_FILE_0}\"\n";
			showEnvVarsInLog = 0;
		};
		66271E22C9494641845ABDCB /* [CP] Embed Pods Frameworks */ = {
			isa = PBXShellScriptBuildPhase;
			buildActionMask = 2147483647;
			files = (
			);
			inputFileListPaths = (
				"${PODS_ROOT}/Target Support Files/Pods-VideoPlayDemo/Pods-VideoPlayDemo-frameworks-${CONFIGURATION}-input-files.xcfilelist",
			);
			name = "[CP] Embed Pods Frameworks";
			outputFileListPaths = (
				"${PODS_ROOT}/Target Support Files/Pods-VideoPlayDemo/Pods-VideoPlayDemo-frameworks-${CONFIGURATION}-output-files.xcfilelist",
			);
			runOnlyForDeploymentPostprocessing = 0;
			shellPath = /bin/sh;
			shellScript = "\"${PODS_ROOT}/Target Support Files/Pods-VideoPlayDemo/Pods-VideoPlayDemo-frameworks.sh\"\n";
			showEnvVarsInLog = 0;
		};
		BAD72EF02DC1B639DC327BEA /* [CP] Copy Pods Resources */ = {
			isa = PBXShellScriptBuildPhase;
			buildActionMask = 2147483647;
			files = (
			);
			inputFileListPaths = (
				"${PODS_ROOT}/Target Support Files/Pods-VideoPlayDemo/Pods-VideoPlayDemo-resources-${CONFIGURATION}-input-files.xcfilelist",
			);
			name = "[CP] Copy Pods Resources";
			outputFileListPaths = (
				"${PODS_ROOT}/Target Support Files/Pods-VideoPlayDemo/Pods-VideoPlayDemo-resources-${CONFIGURATION}-output-files.xcfilelist",
			);
			runOnlyForDeploymentPostprocessing = 0;
			shellPath = /bin/sh;
			shellScript = "\"${PODS_ROOT}/Target Support Files/Pods-VideoPlayDemo/Pods-VideoPlayDemo-resources.sh\"\n";
			showEnvVarsInLog = 0;
		};
/* End PBXShellScriptBuildPhase section */

/* Begin PBXSourcesBuildPhase section */
		1E52C8492AB3E80C00459CFB /* Sources */ = {
			isa = PBXSourcesBuildPhase;
			buildActionMask = 2147483647;
			files = (
				1E52C8872AB449B200459CFB /* ZFDouYinControlView.m in Sources */,
				1E52C8832AB4496F00459CFB /* ZFTableViewCellLayout.m in Sources */,
				1E52C8712AB447E000459CFB /* ZFDouYinViewController.m in Sources */,
				1E52C87C2AB4491700459CFB /* ZFDouYinCell.m in Sources */,
				1E52C86E2AB3F4BB00459CFB /* VideoListViewController.m in Sources */,
				1E52C8842AB4496F00459CFB /* NSString+Size.m in Sources */,
				1E52C8582AB3E80C00459CFB /* ViewController.m in Sources */,
				1E52C8522AB3E80C00459CFB /* AppDelegate.m in Sources */,
				1E52C86B2AB3F42300459CFB /* VideoViewController.m in Sources */,
				1E52C8632AB3E80E00459CFB /* main.m in Sources */,
				1E52C8762AB448B700459CFB /* ZFTableData.m in Sources */,
				1E52C88B2AB44A3300459CFB /* ZFCustomControlView.m in Sources */,
			);
			runOnlyForDeploymentPostprocessing = 0;
		};
/* End PBXSourcesBuildPhase section */

/* Begin PBXVariantGroup section */
		1E52C8592AB3E80C00459CFB /* Main.storyboard */ = {
			isa = PBXVariantGroup;
			children = (
				1E52C85A2AB3E80C00459CFB /* Base */,
			);
			name = Main.storyboard;
			sourceTree = "<group>";
		};
		1E52C85E2AB3E80E00459CFB /* LaunchScreen.storyboard */ = {
			isa = PBXVariantGroup;
			children = (
				1E52C85F2AB3E80E00459CFB /* Base */,
			);
			name = LaunchScreen.storyboard;
			sourceTree = "<group>";
		};
/* End PBXVariantGroup section */

/* Begin XCBuildConfiguration section */
		1E52C8642AB3E80E00459CFB /* Debug */ = {
			isa = XCBuildConfiguration;
			buildSettings = {
				ALWAYS_SEARCH_USER_PATHS = NO;
				CLANG_ANALYZER_NONNULL = YES;
				CLANG_ANALYZER_NUMBER_OBJECT_CONVERSION = YES_AGGRESSIVE;
				CLANG_CXX_LANGUAGE_STANDARD = "gnu++20";
				CLANG_ENABLE_MODULES = YES;
				CLANG_ENABLE_OBJC_ARC = YES;
				CLANG_ENABLE_OBJC_WEAK = YES;
				CLANG_WARN_BLOCK_CAPTURE_AUTORELEASING = YES;
				CLANG_WARN_BOOL_CONVERSION = YES;
				CLANG_WARN_COMMA = YES;
				CLANG_WARN_CONSTANT_CONVERSION = YES;
				CLANG_WARN_DEPRECATED_OBJC_IMPLEMENTATIONS = YES;
				CLANG_WARN_DIRECT_OBJC_ISA_USAGE = YES_ERROR;
				CLANG_WARN_DOCUMENTATION_COMMENTS = YES;
				CLANG_WARN_EMPTY_BODY = YES;
				CLANG_WARN_ENUM_CONVERSION = YES;
				CLANG_WARN_INFINITE_RECURSION = YES;
				CLANG_WARN_INT_CONVERSION = YES;
				CLANG_WARN_NON_LITERAL_NULL_CONVERSION = YES;
				CLANG_WARN_OBJC_IMPLICIT_RETAIN_SELF = YES;
				CLANG_WARN_OBJC_LITERAL_CONVERSION = YES;
				CLANG_WARN_OBJC_ROOT_CLASS = YES_ERROR;
				CLANG_WARN_QUOTED_INCLUDE_IN_FRAMEWORK_HEADER = YES;
				CLANG_WARN_RANGE_LOOP_ANALYSIS = YES;
				CLANG_WARN_STRICT_PROTOTYPES = YES;
				CLANG_WARN_SUSPICIOUS_MOVE = YES;
				CLANG_WARN_UNGUARDED_AVAILABILITY = YES_AGGRESSIVE;
				CLANG_WARN_UNREACHABLE_CODE = YES;
				CLANG_WARN__DUPLICATE_METHOD_MATCH = YES;
				COPY_PHASE_STRIP = NO;
				DEBUG_INFORMATION_FORMAT = dwarf;
				ENABLE_STRICT_OBJC_MSGSEND = YES;
				ENABLE_TESTABILITY = YES;
				GCC_C_LANGUAGE_STANDARD = gnu11;
				GCC_DYNAMIC_NO_PIC = NO;
				GCC_NO_COMMON_BLOCKS = YES;
				GCC_OPTIMIZATION_LEVEL = 0;
				GCC_PREPROCESSOR_DEFINITIONS = (
					"DEBUG=1",
					"$(inherited)",
				);
				GCC_WARN_64_TO_32_BIT_CONVERSION = YES;
				GCC_WARN_ABOUT_RETURN_TYPE = YES_ERROR;
				GCC_WARN_UNDECLARED_SELECTOR = YES;
				GCC_WARN_UNINITIALIZED_AUTOS = YES_AGGRESSIVE;
				GCC_WARN_UNUSED_FUNCTION = YES;
				GCC_WARN_UNUSED_VARIABLE = YES;
				IPHONEOS_DEPLOYMENT_TARGET = 11.0;
				MTL_ENABLE_DEBUG_INFO = INCLUDE_SOURCE;
				MTL_FAST_MATH = YES;
				ONLY_ACTIVE_ARCH = YES;
				SDKROOT = iphoneos;
			};
			name = Debug;
		};
		1E52C8652AB3E80E00459CFB /* Release */ = {
			isa = XCBuildConfiguration;
			buildSettings = {
				ALWAYS_SEARCH_USER_PATHS = NO;
				CLANG_ANALYZER_NONNULL = YES;
				CLANG_ANALYZER_NUMBER_OBJECT_CONVERSION = YES_AGGRESSIVE;
				CLANG_CXX_LANGUAGE_STANDARD = "gnu++20";
				CLANG_ENABLE_MODULES = YES;
				CLANG_ENABLE_OBJC_ARC = YES;
				CLANG_ENABLE_OBJC_WEAK = YES;
				CLANG_WARN_BLOCK_CAPTURE_AUTORELEASING = YES;
				CLANG_WARN_BOOL_CONVERSION = YES;
				CLANG_WARN_COMMA = YES;
				CLANG_WARN_CONSTANT_CONVERSION = YES;
				CLANG_WARN_DEPRECATED_OBJC_IMPLEMENTATIONS = YES;
				CLANG_WARN_DIRECT_OBJC_ISA_USAGE = YES_ERROR;
				CLANG_WARN_DOCUMENTATION_COMMENTS = YES;
				CLANG_WARN_EMPTY_BODY = YES;
				CLANG_WARN_ENUM_CONVERSION = YES;
				CLANG_WARN_INFINITE_RECURSION = YES;
				CLANG_WARN_INT_CONVERSION = YES;
				CLANG_WARN_NON_LITERAL_NULL_CONVERSION = YES;
				CLANG_WARN_OBJC_IMPLICIT_RETAIN_SELF = YES;
				CLANG_WARN_OBJC_LITERAL_CONVERSION = YES;
				CLANG_WARN_OBJC_ROOT_CLASS = YES_ERROR;
				CLANG_WARN_QUOTED_INCLUDE_IN_FRAMEWORK_HEADER = YES;
				CLANG_WARN_RANGE_LOOP_ANALYSIS = YES;
				CLANG_WARN_STRICT_PROTOTYPES = YES;
				CLANG_WARN_SUSPICIOUS_MOVE = YES;
				CLANG_WARN_UNGUARDED_AVAILABILITY = YES_AGGRESSIVE;
				CLANG_WARN_UNREACHABLE_CODE = YES;
				CLANG_WARN__DUPLICATE_METHOD_MATCH = YES;
				COPY_PHASE_STRIP = NO;
				DEBUG_INFORMATION_FORMAT = "dwarf-with-dsym";
				ENABLE_NS_ASSERTIONS = NO;
				ENABLE_STRICT_OBJC_MSGSEND = YES;
				GCC_C_LANGUAGE_STANDARD = gnu11;
				GCC_NO_COMMON_BLOCKS = YES;
				GCC_WARN_64_TO_32_BIT_CONVERSION = YES;
				GCC_WARN_ABOUT_RETURN_TYPE = YES_ERROR;
				GCC_WARN_UNDECLARED_SELECTOR = YES;
				GCC_WARN_UNINITIALIZED_AUTOS = YES_AGGRESSIVE;
				GCC_WARN_UNUSED_FUNCTION = YES;
				GCC_WARN_UNUSED_VARIABLE = YES;
				IPHONEOS_DEPLOYMENT_TARGET = 11.0;
				MTL_ENABLE_DEBUG_INFO = NO;
				MTL_FAST_MATH = YES;
				SDKROOT = iphoneos;
				VALIDATE_PRODUCT = YES;
			};
			name = Release;
		};
		1E52C8672AB3E80E00459CFB /* Debug */ = {
			isa = XCBuildConfiguration;
			baseConfigurationReference = 3F47F17FFBDC36C909F6B267 /* Pods-VideoPlayDemo.debug.xcconfig */;
			buildSettings = {
				ASSETCATALOG_COMPILER_APPICON_NAME = AppIcon;
				ASSETCATALOG_COMPILER_GLOBAL_ACCENT_COLOR_NAME = AccentColor;
				"CODE_SIGN_IDENTITY[sdk=iphoneos*]" = "iPhone Developer";
				CODE_SIGN_STYLE = Manual;
				CURRENT_PROJECT_VERSION = 1;
				DEVELOPMENT_TEAM = "";
				"DEVELOPMENT_TEAM[sdk=iphoneos*]" = V4U8N3SGJP;
				GCC_PRECOMPILE_PREFIX_HEADER = YES;
				GCC_PREFIX_HEADER = "$(SRCROOT)/VideoPlayDemo/PrefixHeader.pch";
				GENERATE_INFOPLIST_FILE = YES;
				INFOPLIST_FILE = VideoPlayDemo/Info.plist;
				INFOPLIST_KEY_UIApplicationSupportsIndirectInputEvents = YES;
				INFOPLIST_KEY_UILaunchStoryboardName = LaunchScreen;
				INFOPLIST_KEY_UIMainStoryboardFile = Main;
				INFOPLIST_KEY_UISupportedInterfaceOrientations_iPad = "UIInterfaceOrientationPortrait UIInterfaceOrientationPortraitUpsideDown UIInterfaceOrientationLandscapeLeft UIInterfaceOrientationLandscapeRight";
				INFOPLIST_KEY_UISupportedInterfaceOrientations_iPhone = "UIInterfaceOrientationPortrait UIInterfaceOrientationLandscapeLeft UIInterfaceOrientationLandscapeRight";
				LD_RUNPATH_SEARCH_PATHS = (
					"$(inherited)",
					"@executable_path/Frameworks",
				);
				MARKETING_VERSION = 1.0;
				PRODUCT_BUNDLE_IDENTIFIER = com.example.MaiSheng;
				PRODUCT_NAME = "$(TARGET_NAME)";
				PROVISIONING_PROFILE_SPECIFIER = "";
				"PROVISIONING_PROFILE_SPECIFIER[sdk=iphoneos*]" = maisheng_dev_profile;
				SWIFT_EMIT_LOC_STRINGS = YES;
				TARGETED_DEVICE_FAMILY = "1,2";
			};
			name = Debug;
		};
		1E52C8682AB3E80E00459CFB /* Release */ = {
			isa = XCBuildConfiguration;
			baseConfigurationReference = 64FD6591D92A650AD8CEF90A /* Pods-VideoPlayDemo.release.xcconfig */;
			buildSettings = {
				ASSETCATALOG_COMPILER_APPICON_NAME = AppIcon;
				ASSETCATALOG_COMPILER_GLOBAL_ACCENT_COLOR_NAME = AccentColor;
				CODE_SIGN_STYLE = Manual;
				CURRENT_PROJECT_VERSION = 1;
				DEVELOPMENT_TEAM = "";
				GCC_PRECOMPILE_PREFIX_HEADER = YES;
				GCC_PREFIX_HEADER = "$(SRCROOT)/VideoPlayDemo/PrefixHeader.pch";
				GENERATE_INFOPLIST_FILE = YES;
				INFOPLIST_FILE = VideoPlayDemo/Info.plist;
				INFOPLIST_KEY_UIApplicationSupportsIndirectInputEvents = YES;
				INFOPLIST_KEY_UILaunchStoryboardName = LaunchScreen;
				INFOPLIST_KEY_UIMainStoryboardFile = Main;
				INFOPLIST_KEY_UISupportedInterfaceOrientations_iPad = "UIInterfaceOrientationPortrait UIInterfaceOrientationPortraitUpsideDown UIInterfaceOrientationLandscapeLeft UIInterfaceOrientationLandscapeRight";
				INFOPLIST_KEY_UISupportedInterfaceOrientations_iPhone = "UIInterfaceOrientationPortrait UIInterfaceOrientationLandscapeLeft UIInterfaceOrientationLandscapeRight";
				LD_RUNPATH_SEARCH_PATHS = (
					"$(inherited)",
					"@executable_path/Frameworks",
				);
				MARKETING_VERSION = 1.0;
				PRODUCT_BUNDLE_IDENTIFIER = com.example.MaiSheng;
				PRODUCT_NAME = "$(TARGET_NAME)";
				PROVISIONING_PROFILE_SPECIFIER = "";
				SWIFT_EMIT_LOC_STRINGS = YES;
				TARGETED_DEVICE_FAMILY = "1,2";
			};
			name = Release;
		};
/* End XCBuildConfiguration section */

/* Begin XCConfigurationList section */
		1E52C8482AB3E80C00459CFB /* Build configuration list for PBXProject "VideoPlayDemo" */ = {
			isa = XCConfigurationList;
			buildConfigurations = (
				1E52C8642AB3E80E00459CFB /* Debug */,
				1E52C8652AB3E80E00459CFB /* Release */,
			);
			defaultConfigurationIsVisible = 0;
			defaultConfigurationName = Release;
		};
		1E52C8662AB3E80E00459CFB /* Build configuration list for PBXNativeTarget "VideoPlayDemo" */ = {
			isa = XCConfigurationList;
			buildConfigurations = (
				1E52C8672AB3E80E00459CFB /* Debug */,
				1E52C8682AB3E80E00459CFB /* Release */,
			);
			defaultConfigurationIsVisible = 0;
			defaultConfigurationName = Release;
		};
/* End XCConfigurationList section */
	};
	rootObject = 1E52C8452AB3E80C00459CFB /* Project object */;
}
